
Microsoft Visual Studio Solution File, Format Version 12.00
# Visual Studio 2013
VisualStudioVersion = 12.0.31101.0
MinimumVisualStudioVersion = 10.0.40219.1
Project("{8BC9CEB8-8B4A-11D0-8D11-00A0C91BC942}") = "domain2host", "domain2host\domain2host.vcxproj", "{60F08F2F-A078-440D-B4CE-90B97EA16668}"
EndProject
Global
	GlobalSection(SolutionConfigurationPlatforms) = preSolution
		Debug|Win32 = Debug|Win32
		Release|Win32 = Release|Win32
	EndGlobalSection
	GlobalSection(ProjectConfigurationPlatforms) = postSolution
		{60F08F2F-A078-440D-B4CE-90B97EA16668}.Debug|Win32.ActiveCfg = Debug|Win32
		{60F08F2F-A078-440D-B4CE-90B97EA16668}.Debug|Win32.Build.0 = Debug|Win32
		{60F08F2F-A078-440D-B4CE-90B97EA16668}.Release|Win32.ActiveCfg = Release|Win32
		{60F08F2F-A078-440D-B4CE-90B97EA16668}.Release|Win32.Build.0 = Release|Win32
	EndGlobalSection
	GlobalSection(SolutionProperties) = preSolution
		HideSolutionNode = FALSE
	EndGlobalSection
EndGlobal
